
Microsoft Visual Studio Solution File, Format Version 12.00
# Visual Studio Version 16
VisualStudioVersion = 16.0.30413.136
MinimumVisualStudioVersion = 10.0.40219.1
Project("{888888A0-9F3D-457C-B088-3A5042F75D52}") = "Display arduino", "Display arduino.pyproj", "{F10FC338-6CE0-4EB8-A681-57F6B973FC99}"
EndProject
Global
	GlobalSection(SolutionConfigurationPlatforms) = preSolution
		Debug|Any CPU = Debug|Any CPU
		Release|Any CPU = Release|Any CPU
	EndGlobalSection
	GlobalSection(ProjectConfigurationPlatforms) = postSolution
		{F10FC338-6CE0-4EB8-A681-57F6B973FC99}.Debug|Any CPU.ActiveCfg = Debug|Any CPU
		{F10FC338-6CE0-4EB8-A681-57F6B973FC99}.Release|Any CPU.ActiveCfg = Release|Any CPU
	EndGlobalSection
	GlobalSection(SolutionProperties) = preSolution
		HideSolutionNode = FALSE
	EndGlobalSection
	GlobalSection(ExtensibilityGlobals) = postSolution
		SolutionGuid = {1B816110-4BEA-4003-B258-E0ACBD41B9BF}
	EndGlobalSection
EndGlobal
